// !$*UTF8*$!
{
	archiveVersion = 1;
	classes = {
	};
	objectVersion = 77;
	objects = {

/* Begin PBXContainerItemProxy section */
		60E39E752E8DC4DE0086ACC0 /* PBXContainerItemProxy */ = {
			isa = PBXContainerItemProxy;
			containerPortal = 60E39E5F2E8DC4DC0086ACC0 /* Project object */;
			proxyType = 1;
			remoteGlobalIDString = 60E39E662E8DC4DC0086ACC0;
			remoteInfo = "YesChef 2.0";
		};
		60E39E7F2E8DC4DE0086ACC0 /* PBXContainerItemProxy */ = {
			isa = PBXContainerItemProxy;
			containerPortal = 60E39E5F2E8DC4DC0086ACC0 /* Project object */;
			proxyType = 1;
			remoteGlobalIDString = 60E39E662E8DC4DC0086ACC0;
			remoteInfo = "YesChef 2.0";
		};
/* End PBXContainerItemProxy section */

/* Begin PBXFileReference section */
		60E39E672E8DC4DC0086ACC0 /* YesChef 2.0.app */ = {isa = PBXFileReference; explicitFileType = wrapper.application; includeInIndex = 0; path = "YesChef 2.0.app"; sourceTree = BUILT_PRODUCTS_DIR; };
		60E39E742E8DC4DE0086ACC0 /* YesChef 2.0Tests.xctest */ = {isa = PBXFileReference; explicitFileType = wrapper.cfbundle; includeInIndex = 0; path = "YesChef 2.0Tests.xctest"; sourceTree = BUILT_PRODUCTS_DIR; };
		60E39E7E2E8DC4DE0086ACC0 /* YesChef 2.0UITests.xctest */ = {isa = PBXFileReference; explicitFileType = wrapper.cfbundle; includeInIndex = 0; path = "YesChef 2.0UITests.xctest"; sourceTree = BUILT_PRODUCTS_DIR; };
/* End PBXFileReference section */

/* Begin PBXFileSystemSynchronizedRootGroup section */
		60E39E692E8DC4DC0086ACC0 /* YesChef 2.0 */ = {
			isa = PBXFileSystemSynchronizedRootGroup;
			path = "YesChef 2.0";
			sourceTree = "<group>";
		};
		60E39E772E8DC4DE0086ACC0 /* YesChef 2.0Tests */ = {
			isa = PBXFileSystemSynchronizedRootGroup;
			path = "YesChef 2.0Tests";
			sourceTree = "<group>";
		};
		60E39E812E8DC4DE0086ACC0 /* YesChef 2.0UITests */ = {
			isa = PBXFileSystemSynchronizedRootGroup;
			path = "YesChef 2.0UITests";
			sourceTree = "<group>";
		};
/* End PBXFileSystemSynchronizedRootGroup section */

/* Begin PBXFrameworksBuildPhase section */
		60E39E642E8DC4DC0086ACC0 /* Frameworks */ = {
			isa = PBXFrameworksBuildPhase;
			buildActionMask = 2147483647;
			files = (
			);
			runOnlyForDeploymentPostprocessing = 0;
		};
		60E39E712E8DC4DE0086ACC0 /* Frameworks */ = {
			isa = PBXFrameworksBuildPhase;
			buildActionMask = 2147483647;
			files = (
			);
			runOnlyForDeploymentPostprocessing = 0;
		};
		60E39E7B2E8DC4DE0086ACC0 /* Frameworks */ = {
			isa = PBXFrameworksBuildPhase;
			buildActionMask = 2147483647;
			files = (
			);
			runOnlyForDeploymentPostprocessing = 0;
		};
/* End PBXFrameworksBuildPhase section */

/* Begin PBXGroup section */
		60E39E5E2E8DC4DC0086ACC0 = {
			isa = PBXGroup;
			children = (
				60E39E692E8DC4DC0086ACC0 /* YesChef 2.0 */,
				60E39E772E8DC4DE0086ACC0 /* YesChef 2.0Tests */,
				60E39E812E8DC4DE0086ACC0 /* YesChef 2.0UITests */,
				60E39E682E8DC4DC0086ACC0 /* Products */,
			);
			sourceTree = "<group>";
		};
		60E39E682E8DC4DC0086ACC0 /* Products */ = {
			isa = PBXGroup;
			children = (
				60E39E672E8DC4DC0086ACC0 /* YesChef 2.0.app */,
				60E39E742E8DC4DE0086ACC0 /* YesChef 2.0Tests.xctest */,
				60E39E7E2E8DC4DE0086ACC0 /* YesChef 2.0UITests.xctest */,
			);
			name = Products;
			sourceTree = "<group>";
		};
/* End PBXGroup section */

/* Begin PBXNativeTarget section */
		60E39E662E8DC4DC0086ACC0 /* YesChef 2.0 */ = {
			isa = PBXNativeTarget;
			buildConfigurationList = 60E39E882E8DC4DE0086ACC0 /* Build configuration list for PBXNativeTarget "YesChef 2.0" */;
			buildPhases = (
				60E39E632E8DC4DC0086ACC0 /* Sources */,
				60E39E642E8DC4DC0086ACC0 /* Frameworks */,
				60E39E652E8DC4DC0086ACC0 /* Resources */,
			);
			buildRules = (
			);
			dependencies = (
			);
			fileSystemSynchronizedGroups = (
				60E39E692E8DC4DC0086ACC0 /* YesChef 2.0 */,
			);
			name = "YesChef 2.0";
			packageProductDependencies = (
			);
			productName = "YesChef 2.0";
			productReference = 60E39E672E8DC4DC0086ACC0 /* YesChef 2.0.app */;
			productType = "com.apple.product-type.application";
		};
		60E39E732E8DC4DE0086ACC0 /* YesChef 2.0Tests */ = {
			isa = PBXNativeTarget;
			buildConfigurationList = 60E39E8B2E8DC4DE0086ACC0 /* Build configuration list for PBXNativeTarget "YesChef 2.0Tests" */;
			buildPhases = (
				60E39E702E8DC4DE0086ACC0 /* Sources */,
				60E39E712E8DC4DE0086ACC0 /* Frameworks */,
				60E39E722E8DC4DE0086ACC0 /* Resources */,
			);
			buildRules = (
			);
			dependencies = (
				60E39E762E8DC4DE0086ACC0 /* PBXTargetDependency */,
			);
			fileSystemSynchronizedGroups = (
				60E39E772E8DC4DE0086ACC0 /* YesChef 2.0Tests */,
			);
			name = "YesChef 2.0Tests";
			packageProductDependencies = (
			);
			productName = "YesChef 2.0Tests";
			productReference = 60E39E742E8DC4DE0086ACC0 /* YesChef 2.0Tests.xctest */;
			productType = "com.apple.product-type.bundle.unit-test";
		};
		60E39E7D2E8DC4DE0086ACC0 /* YesChef 2.0UITests */ = {
			isa = PBXNativeTarget;
			buildConfigurationList = 60E39E8E2E8DC4DE0086ACC0 /* Build configuration list for PBXNativeTarget "YesChef 2.0UITests" */;
			buildPhases = (
				60E39E7A2E8DC4DE0086ACC0 /* Sources */,
				60E39E7B2E8DC4DE0086ACC0 /* Frameworks */,
				60E39E7C2E8DC4DE0086ACC0 /* Resources */,
			);
			buildRules = (
			);
			dependencies = (
				60E39E802E8DC4DE0086ACC0 /* PBXTargetDependency */,
			);
			fileSystemSynchronizedGroups = (
				60E39E812E8DC4DE0086ACC0 /* YesChef 2.0UITests */,
			);
			name = "YesChef 2.0UITests";
			packageProductDependencies = (
			);
			productName = "YesChef 2.0UITests";
			productReference = 60E39E7E2E8DC4DE0086ACC0 /* YesChef 2.0UITests.xctest */;
			productType = "com.apple.product-type.bundle.ui-testing";
		};
/* End PBXNativeTarget section */

/* Begin PBXProject section */
		60E39E5F2E8DC4DC0086ACC0 /* Project object */ = {
			isa = PBXProject;
			attributes = {
				BuildIndependentTargetsInParallel = 1;
				LastSwiftUpdateCheck = 1640;
				LastUpgradeCheck = 1640;
				TargetAttributes = {
					60E39E662E8DC4DC0086ACC0 = {
						CreatedOnToolsVersion = 16.4;
					};
					60E39E732E8DC4DE0086ACC0 = {
						CreatedOnToolsVersion = 16.4;
						TestTargetID = 60E39E662E8DC4DC0086ACC0;
					};
					60E39E7D2E8DC4DE0086ACC0 = {
						CreatedOnToolsVersion = 16.4;
						TestTargetID = 60E39E662E8DC4DC0086ACC0;
					};
				};
			};
			buildConfigurationList = 60E39E622E8DC4DC0086ACC0 /* Build configuration list for PBXProject "YesChef 2.0" */;
			developmentRegion = en;
			hasScannedForEncodings = 0;
			knownRegions = (
				en,
				Base,
			);
			mainGroup = 60E39E5E2E8DC4DC0086ACC0;
			minimizedProjectReferenceProxies = 1;
			preferredProjectObjectVersion = 77;
			productRefGroup = 60E39E682E8DC4DC0086ACC0 /* Products */;
			projectDirPath = "";
			projectRoot = "";
			targets = (
				60E39E662E8DC4DC0086ACC0 /* YesChef 2.0 */,
				60E39E732E8DC4DE0086ACC0 /* YesChef 2.0Tests */,
				60E39E7D2E8DC4DE0086ACC0 /* YesChef 2.0UITests */,
			);
		};
/* End PBXProject section */

/* Begin PBXResourcesBuildPhase section */
		60E39E652E8DC4DC0086ACC0 /* Resources */ = {
			isa = PBXResourcesBuildPhase;
			buildActionMask = 2147483647;
			files = (
			);
			runOnlyForDeploymentPostprocessing = 0;
		};
		60E39E722E8DC4DE0086ACC0 /* Resources */ = {
			isa = PBXResourcesBuildPhase;
			buildActionMask = 2147483647;
			files = (
			);
			runOnlyForDeploymentPostprocessing = 0;
		};
		60E39E7C2E8DC4DE0086ACC0 /* Resources */ = {
			isa = PBXResourcesBuildPhase;
			buildActionMask = 2147483647;
			files = (
			);
			runOnlyForDeploymentPostprocessing = 0;
		};
/* End PBXResourcesBuildPhase section */

/* Begin PBXSourcesBuildPhase section */
		60E39E632E8DC4DC0086ACC0 /* Sources */ = {
			isa = PBXSourcesBuildPhase;
			buildActionMask = 2147483647;
			files = (
			);
			runOnlyForDeploymentPostprocessing = 0;
		};
		60E39E702E8DC4DE0086ACC0 /* Sources */ = {
			isa = PBXSourcesBuildPhase;
			buildActionMask = 2147483647;
			files = (
			);
			runOnlyForDeploymentPostprocessing = 0;
		};
		60E39E7A2E8DC4DE0086ACC0 /* Sources */ = {
			isa = PBXSourcesBuildPhase;
			buildActionMask = 2147483647;
			files = (
			);
			runOnlyForDeploymentPostprocessing = 0;
		};
/* End PBXSourcesBuildPhase section */

/* Begin PBXTargetDependency section */
		60E39E762E8DC4DE0086ACC0 /* PBXTargetDependency */ = {
			isa = PBXTargetDependency;
			target = 60E39E662E8DC4DC0086ACC0 /* YesChef 2.0 */;
			targetProxy = 60E39E752E8DC4DE0086ACC0 /* PBXContainerItemProxy */;
		};
		60E39E802E8DC4DE0086ACC0 /* PBXTargetDependency */ = {
			isa = PBXTargetDependency;
			target = 60E39E662E8DC4DC0086ACC0 /* YesChef 2.0 */;
			targetProxy = 60E39E7F2E8DC4DE0086ACC0 /* PBXContainerItemProxy */;
		};
/* End PBXTargetDependency section */

/* Begin XCBuildConfiguration section */
		60E39E862E8DC4DE0086ACC0 /* Debug */ = {
			isa = XCBuildConfiguration;
			buildSettings = {
				ALWAYS_SEARCH_USER_PATHS = NO;
				ASSETCATALOG_COMPILER_GENERATE_SWIFT_ASSET_SYMBOL_EXTENSIONS = YES;
				CLANG_ANALYZER_NONNULL = YES;
				CLANG_ANALYZER_NUMBER_OBJECT_CONVERSION = YES_AGGRESSIVE;
				CLANG_CXX_LANGUAGE_STANDARD = "gnu++20";
				CLANG_ENABLE_MODULES = YES;
				CLANG_ENABLE_OBJC_ARC = YES;
				CLANG_ENABLE_OBJC_WEAK = YES;
				CLANG_WARN_BLOCK_CAPTURE_AUTORELEASING = YES;
				CLANG_WARN_BOOL_CONVERSION = YES;
				CLANG_WARN_COMMA = YES;
				CLANG_WARN_CONSTANT_CONVERSION = YES;
				CLANG_WARN_DEPRECATED_OBJC_IMPLEMENTATIONS = YES;
				CLANG_WARN_DIRECT_OBJC_ISA_USAGE = YES_ERROR;
				CLANG_WARN_DOCUMENTATION_COMMENTS = YES;
				CLANG_WARN_EMPTY_BODY = YES;
				CLANG_WARN_ENUM_CONVERSION = YES;
				CLANG_WARN_INFINITE_RECURSION = YES;
				CLANG_WARN_INT_CONVERSION = YES;
				CLANG_WARN_NON_LITERAL_NULL_CONVERSION = YES;
				CLANG_WARN_OBJC_IMPLICIT_RETAIN_SELF = YES;
				CLANG_WARN_OBJC_LITERAL_CONVERSION = YES;
				CLANG_WARN_OBJC_ROOT_CLASS = YES_ERROR;
				CLANG_WARN_QUOTED_INCLUDE_IN_FRAMEWORK_HEADER = YES;
				CLANG_WARN_RANGE_LOOP_ANALYSIS = YES;
				CLANG_WARN_STRICT_PROTOTYPES = YES;
				CLANG_WARN_SUSPICIOUS_MOVE = YES;
				CLANG_WARN_UNGUARDED_AVAILABILITY = YES_AGGRESSIVE;
				CLANG_WARN_UNREACHABLE_CODE = YES;
				CLANG_WARN__DUPLICATE_METHOD_MATCH = YES;
				COPY_PHASE_STRIP = NO;
				DEBUG_INFORMATION_FORMAT = dwarf;
				DEVELOPMENT_TEAM = W9Z3CDZK39;
				ENABLE_STRICT_OBJC_MSGSEND = YES;
				ENABLE_TESTABILITY = YES;
				ENABLE_USER_SCRIPT_SANDBOXING = YES;
				GCC_C_LANGUAGE_STANDARD = gnu17;
				GCC_DYNAMIC_NO_PIC = NO;
				GCC_NO_COMMON_BLOCKS = YES;
				GCC_OPTIMIZATION_LEVEL = 0;
				GCC_PREPROCESSOR_DEFINITIONS = (
					"DEBUG=1",
					"$(inherited)",
				);
				GCC_WARN_64_TO_32_BIT_CONVERSION = YES;
				GCC_WARN_ABOUT_RETURN_TYPE = YES_ERROR;
				GCC_WARN_UNDECLARED_SELECTOR = YES;
				GCC_WARN_UNINITIALIZED_AUTOS = YES_AGGRESSIVE;
				GCC_WARN_UNUSED_FUNCTION = YES;
				GCC_WARN_UNUSED_VARIABLE = YES;
				IPHONEOS_DEPLOYMENT_TARGET = 18.5;
				LOCALIZATION_PREFERS_STRING_CATALOGS = YES;
				MTL_ENABLE_DEBUG_INFO = INCLUDE_SOURCE;
				MTL_FAST_MATH = YES;
				ONLY_ACTIVE_ARCH = YES;
				SDKROOT = iphoneos;
				SWIFT_ACTIVE_COMPILATION_CONDITIONS = "DEBUG $(inherited)";
				SWIFT_OPTIMIZATION_LEVEL = "-Onone";
			};
			name = Debug;
		};
		60E39E872E8DC4DE0086ACC0 /* Release */ = {
			isa = XCBuildConfiguration;
			buildSettings = {
				ALWAYS_SEARCH_USER_PATHS = NO;
				ASSETCATALOG_COMPILER_GENERATE_SWIFT_ASSET_SYMBOL_EXTENSIONS = YES;
				CLANG_ANALYZER_NONNULL = YES;
				CLANG_ANALYZER_NUMBER_OBJECT_CONVERSION = YES_AGGRESSIVE;
				CLANG_CXX_LANGUAGE_STANDARD = "gnu++20";
				CLANG_ENABLE_MODULES = YES;
				CLANG_ENABLE_OBJC_ARC = YES;
				CLANG_ENABLE_OBJC_WEAK = YES;
				CLANG_WARN_BLOCK_CAPTURE_AUTORELEASING = YES;
				CLANG_WARN_BOOL_CONVERSION = YES;
				CLANG_WARN_COMMA = YES;
				CLANG_WARN_CONSTANT_CONVERSION = YES;
				CLANG_WARN_DEPRECATED_OBJC_IMPLEMENTATIONS = YES;
				CLANG_WARN_DIRECT_OBJC_ISA_USAGE = YES_ERROR;
				CLANG_WARN_DOCUMENTATION_COMMENTS = YES;
				CLANG_WARN_EMPTY_BODY = YES;
				CLANG_WARN_ENUM_CONVERSION = YES;
				CLANG_WARN_INFINITE_RECURSION = YES;
				CLANG_WARN_INT_CONVERSION = YES;
				CLANG_WARN_NON_LITERAL_NULL_CONVERSION = YES;
				CLANG_WARN_OBJC_IMPLICIT_RETAIN_SELF = YES;
				CLANG_WARN_OBJC_LITERAL_CONVERSION = YES;
				CLANG_WARN_OBJC_ROOT_CLASS = YES_ERROR;
				CLANG_WARN_QUOTED_INCLUDE_IN_FRAMEWORK_HEADER = YES;
				CLANG_WARN_RANGE_LOOP_ANALYSIS = YES;
				CLANG_WARN_STRICT_PROTOTYPES = YES;
				CLANG_WARN_SUSPICIOUS_MOVE = YES;
				CLANG_WARN_UNGUARDED_AVAILABILITY = YES_AGGRESSIVE;
				CLANG_WARN_UNREACHABLE_CODE = YES;
				CLANG_WARN__DUPLICATE_METHOD_MATCH = YES;
				COPY_PHASE_STRIP = NO;
				DEBUG_INFORMATION_FORMAT = "dwarf-with-dsym";
				DEVELOPMENT_TEAM = W9Z3CDZK39;
				ENABLE_NS_ASSERTIONS = NO;
				ENABLE_STRICT_OBJC_MSGSEND = YES;
				ENABLE_USER_SCRIPT_SANDBOXING = YES;
				GCC_C_LANGUAGE_STANDARD = gnu17;
				GCC_NO_COMMON_BLOCKS = YES;
				GCC_WARN_64_TO_32_BIT_CONVERSION = YES;
				GCC_WARN_ABOUT_RETURN_TYPE = YES_ERROR;
				GCC_WARN_UNDECLARED_SELECTOR = YES;
				GCC_WARN_UNINITIALIZED_AUTOS = YES_AGGRESSIVE;
				GCC_WARN_UNUSED_FUNCTION = YES;
				GCC_WARN_UNUSED_VARIABLE = YES;
				IPHONEOS_DEPLOYMENT_TARGET = 18.5;
				LOCALIZATION_PREFERS_STRING_CATALOGS = YES;
				MTL_ENABLE_DEBUG_INFO = NO;
				MTL_FAST_MATH = YES;
				SDKROOT = iphoneos;
				SWIFT_COMPILATION_MODE = wholemodule;
				VALIDATE_PRODUCT = YES;
			};
			name = Release;
		};
		60E39E892E8DC4DE0086ACC0 /* Debug */ = {
			isa = XCBuildConfiguration;
			buildSettings = {
				ASSETCATALOG_COMPILER_APPICON_NAME = AppIcon;
				ASSETCATALOG_COMPILER_GLOBAL_ACCENT_COLOR_NAME = AccentColor;
				CODE_SIGN_STYLE = Automatic;
				CURRENT_PROJECT_VERSION = 1;
				DEVELOPMENT_TEAM = W9Z3CDZK39;
				ENABLE_PREVIEWS = YES;
				GENERATE_INFOPLIST_FILE = YES;
				INFOPLIST_KEY_UIApplicationSceneManifest_Generation = YES;
				INFOPLIST_KEY_UIApplicationSupportsIndirectInputEvents = YES;
				INFOPLIST_KEY_UILaunchScreen_Generation = YES;
				INFOPLIST_KEY_UISupportedInterfaceOrientations_iPad = "UIInterfaceOrientationPortrait UIInterfaceOrientationPortraitUpsideDown UIInterfaceOrientationLandscapeLeft UIInterfaceOrientationLandscapeRight";
				INFOPLIST_KEY_UISupportedInterfaceOrientations_iPhone = "UIInterfaceOrientationPortrait UIInterfaceOrientationLandscapeLeft UIInterfaceOrientationLandscapeRight";
				LD_RUNPATH_SEARCH_PATHS = (
					"$(inherited)",
					"@executable_path/Frameworks",
				);
				MARKETING_VERSION = 1.0;
				PRODUCT_BUNDLE_IDENTIFIER = "CTC.YesChef-2-0";
				PRODUCT_NAME = "$(TARGET_NAME)";
				SWIFT_EMIT_LOC_STRINGS = YES;
				SWIFT_VERSION = 5.0;
				TARGETED_DEVICE_FAMILY = "1,2";
			};
			name = Debug;
		};
		60E39E8A2E8DC4DE0086ACC0 /* Release */ = {
			isa = XCBuildConfiguration;
			buildSettings = {
				ASSETCATALOG_COMPILER_APPICON_NAME = AppIcon;
				ASSETCATALOG_COMPILER_GLOBAL_ACCENT_COLOR_NAME = AccentColor;
				CODE_SIGN_STYLE = Automatic;
				CURRENT_PROJECT_VERSION = 1;
				DEVELOPMENT_TEAM = W9Z3CDZK39;
				ENABLE_PREVIEWS = YES;
				GENERATE_INFOPLIST_FILE = YES;
				INFOPLIST_KEY_UIApplicationSceneManifest_Generation = YES;
				INFOPLIST_KEY_UIApplicationSupportsIndirectInputEvents = YES;
				INFOPLIST_KEY_UILaunchScreen_Generation = YES;
				INFOPLIST_KEY_UISupportedInterfaceOrientations_iPad = "UIInterfaceOrientationPortrait UIInterfaceOrientationPortraitUpsideDown UIInterfaceOrientationLandscapeLeft UIInterfaceOrientationLandscapeRight";
				INFOPLIST_KEY_UISupportedInterfaceOrientations_iPhone = "UIInterfaceOrientationPortrait UIInterfaceOrientationLandscapeLeft UIInterfaceOrientationLandscapeRight";
				LD_RUNPATH_SEARCH_PATHS = (
					"$(inherited)",
					"@executable_path/Frameworks",
				);
				MARKETING_VERSION = 1.0;
				PRODUCT_BUNDLE_IDENTIFIER = "CTC.YesChef-2-0";
				PRODUCT_NAME = "$(TARGET_NAME)";
				SWIFT_EMIT_LOC_STRINGS = YES;
				SWIFT_VERSION = 5.0;
				TARGETED_DEVICE_FAMILY = "1,2";
			};
			name = Release;
		};
		60E39E8C2E8DC4DE0086ACC0 /* Debug */ = {
			isa = XCBuildConfiguration;
			buildSettings = {
				BUNDLE_LOADER = "$(TEST_HOST)";
				CODE_SIGN_STYLE = Automatic;
				CURRENT_PROJECT_VERSION = 1;
				DEVELOPMENT_TEAM = W9Z3CDZK39;
				GENERATE_INFOPLIST_FILE = YES;
				IPHONEOS_DEPLOYMENT_TARGET = 18.5;
				MARKETING_VERSION = 1.0;
				PRODUCT_BUNDLE_IDENTIFIER = "CTC.YesChef-2-0Tests";
				PRODUCT_NAME = "$(TARGET_NAME)";
				SWIFT_EMIT_LOC_STRINGS = NO;
				SWIFT_VERSION = 5.0;
				TARGETED_DEVICE_FAMILY = "1,2";
				TEST_HOST = "$(BUILT_PRODUCTS_DIR)/YesChef 2.0.app/$(BUNDLE_EXECUTABLE_FOLDER_PATH)/YesChef 2.0";
			};
			name = Debug;
		};
		60E39E8D2E8DC4DE0086ACC0 /* Release */ = {
			isa = XCBuildConfiguration;
			buildSettings = {
				BUNDLE_LOADER = "$(TEST_HOST)";
				CODE_SIGN_STYLE = Automatic;
				CURRENT_PROJECT_VERSION = 1;
				DEVELOPMENT_TEAM = W9Z3CDZK39;
				GENERATE_INFOPLIST_FILE = YES;
				IPHONEOS_DEPLOYMENT_TARGET = 18.5;
				MARKETING_VERSION = 1.0;
				PRODUCT_BUNDLE_IDENTIFIER = "CTC.YesChef-2-0Tests";
				PRODUCT_NAME = "$(TARGET_NAME)";
				SWIFT_EMIT_LOC_STRINGS = NO;
				SWIFT_VERSION = 5.0;
				TARGETED_DEVICE_FAMILY = "1,2";
				TEST_HOST = "$(BUILT_PRODUCTS_DIR)/YesChef 2.0.app/$(BUNDLE_EXECUTABLE_FOLDER_PATH)/YesChef 2.0";
			};
			name = Release;
		};
		60E39E8F2E8DC4DE0086ACC0 /* Debug */ = {
			isa = XCBuildConfiguration;
			buildSettings = {
				CODE_SIGN_STYLE = Automatic;
				CURRENT_PROJECT_VERSION = 1;
				DEVELOPMENT_TEAM = W9Z3CDZK39;
				GENERATE_INFOPLIST_FILE = YES;
				MARKETING_VERSION = 1.0;
				PRODUCT_BUNDLE_IDENTIFIER = "CTC.YesChef-2-0UITests";
				PRODUCT_NAME = "$(TARGET_NAME)";
				SWIFT_EMIT_LOC_STRINGS = NO;
				SWIFT_VERSION = 5.0;
				TARGETED_DEVICE_FAMILY = "1,2";
				TEST_TARGET_NAME = "YesChef 2.0";
			};
			name = Debug;
		};
		60E39E902E8DC4DE0086ACC0 /* Release */ = {
			isa = XCBuildConfiguration;
			buildSettings = {
				CODE_SIGN_STYLE = Automatic;
				CURRENT_PROJECT_VERSION = 1;
				DEVELOPMENT_TEAM = W9Z3CDZK39;
				GENERATE_INFOPLIST_FILE = YES;
				MARKETING_VERSION = 1.0;
				PRODUCT_BUNDLE_IDENTIFIER = "CTC.YesChef-2-0UITests";
				PRODUCT_NAME = "$(TARGET_NAME)";
				SWIFT_EMIT_LOC_STRINGS = NO;
				SWIFT_VERSION = 5.0;
				TARGETED_DEVICE_FAMILY = "1,2";
				TEST_TARGET_NAME = "YesChef 2.0";
			};
			name = Release;
		};
/* End XCBuildConfiguration section */

/* Begin XCConfigurationList section */
		60E39E622E8DC4DC0086ACC0 /* Build configuration list for PBXProject "YesChef 2.0" */ = {
			isa = XCConfigurationList;
			buildConfigurations = (
				60E39E862E8DC4DE0086ACC0 /* Debug */,
				60E39E872E8DC4DE0086ACC0 /* Release */,
			);
			defaultConfigurationIsVisible = 0;
			defaultConfigurationName = Release;
		};
		60E39E882E8DC4DE0086ACC0 /* Build configuration list for PBXNativeTarget "YesChef 2.0" */ = {
			isa = XCConfigurationList;
			buildConfigurations = (
				60E39E892E8DC4DE0086ACC0 /* Debug */,
				60E39E8A2E8DC4DE0086ACC0 /* Release */,
			);
			defaultConfigurationIsVisible = 0;
			defaultConfigurationName = Release;
		};
		60E39E8B2E8DC4DE0086ACC0 /* Build configuration list for PBXNativeTarget "YesChef 2.0Tests" */ = {
			isa = XCConfigurationList;
			buildConfigurations = (
				60E39E8C2E8DC4DE0086ACC0 /* Debug */,
				60E39E8D2E8DC4DE0086ACC0 /* Release */,
			);
			defaultConfigurationIsVisible = 0;
			defaultConfigurationName = Release;
		};
		60E39E8E2E8DC4DE0086ACC0 /* Build configuration list for PBXNativeTarget "YesChef 2.0UITests" */ = {
			isa = XCConfigurationList;
			buildConfigurations = (
				60E39E8F2E8DC4DE0086ACC0 /* Debug */,
				60E39E902E8DC4DE0086ACC0 /* Release */,
			);
			defaultConfigurationIsVisible = 0;
			defaultConfigurationName = Release;
		};
/* End XCConfigurationList section */
	};
	rootObject = 60E39E5F2E8DC4DC0086ACC0 /* Project object */;
}
